{"1.2.0",
[{<<"cf">>,{pkg,<<"cf">>,<<"0.3.1">>},2},
 {<<"cowboy">>,{pkg,<<"cowboy">>,<<"2.7.0">>},0},
 {<<"cowlib">>,{pkg,<<"cowlib">>,<<"2.8.0">>},1},
 {<<"epgsql">>,{pkg,<<"epgsql">>,<<"4.5.0">>},1},
 {<<"erlsom">>,{pkg,<<"erlsom">>,<<"1.5.0">>},0},
 {<<"erlware_commons">>,{pkg,<<"erlware_commons">>,<<"1.5.0">>},1},
 {<<"erlydtl">>,{pkg,<<"erlydtl">>,<<"0.13.1">>},1},
 {<<"fs">>,{pkg,<<"fs">>,<<"6.1.1">>},1},
 {<<"jsx">>,{pkg,<<"jsx">>,<<"3.0.0">>},0},
 {<<"nitro_cache">>,
  {git,"git://github.com/nitrogen/nitro_cache",
       {ref,"8a82edf08b8fc5d2514281b1032dfa8cd1dd808b"}},
  0},
 {<<"nitrogen_core">>,
  {git,"git://github.com/bunnylushington/nitrogen_core",
       {ref,"fa64823536ec5a28372186bed7c12b367e803da4"}},
  0},
 {<<"nprocreg">>,
  {git,"git://github.com/nitrogen/nprocreg",
       {ref,"7b7ae7b8d12c728158a7649defffc006670132ac"}},
  1},
 {<<"nxo_db">>,
  {git,"git://github.com/nxolib/nxo_db",
       {ref,"a8526a47712b4b9be2f302f99e1aef2f743a4698"}},
  0},
 {<<"nxo_template">>,
  {git,"git://github.com/nxolib/nxo_template",
       {ref,"038e4933a738aa3cc279e59ec092062bf3f21963"}},
  0},
 {<<"pgpool">>,{pkg,<<"pgpool">>,<<"2.1.0">>},1},
 {<<"poolboy">>,{pkg,<<"poolboy">>,<<"1.5.2">>},2},
 {<<"qdate">>,{pkg,<<"qdate">>,<<"0.7.0">>},0},
 {<<"qdate_localtime">>,{pkg,<<"qdate_localtime">>,<<"1.2.0">>},1},
 {<<"ranch">>,{pkg,<<"ranch">>,<<"1.7.1">>},1},
 {<<"rekt">>,
  {git,"git://github.com/nitrogen/rekt",
       {ref,"96d49fcd3b9d03447a73ccb0bba28708d3271067"}},
  1},
 {<<"simple_bridge">>,
  {git,"git://github.com/nitrogen/simple_bridge",
       {ref,"cb919b1ae2000ad31de3394fb94632fb9ea2f8e6"}},
  1},
 {<<"stacktrace_compat">>,
  {git,"git://github.com/g-andrade/stacktrace_compat",
       {ref,"fe6238499a216f6f94836be9ec0b3956ea5c6101"}},
  1},
 {<<"sync">>,
  {git,"git://github.com/rustyio/sync",
       {ref,"7c9367e73b7dbb01a788f8d0120d747330112f6f"}},
  0},
 {<<"uuid">>,
  {git,"git://github.com/avtobiff/erlang-uuid",
       {ref,"cb02a2039a9b29dd2eef0446039c9c6e164df9ef"}},
  0},
 {<<"yamerl">>,{pkg,<<"yamerl">>,<<"0.8.0">>},0}]}.
[
{pkg_hash,[
 {<<"cf">>, <<"5CB902239476E141EA70A740340233782D363A31EEA8AD37049561542E6CD641">>},
 {<<"cowboy">>, <<"91ED100138A764355F43316B1D23D7FF6BDB0DE4EA618CB5D8677C93A7A2F115">>},
 {<<"cowlib">>, <<"FD0FF1787DB84AC415B8211573E9A30A3EBE71B5CBFF7F720089972B2319C8A4">>},
 {<<"epgsql">>, <<"CA863EE3A771E7696AE58EC924A29DF8435CDAFFA64DBA70C02DD2571AD2122D">>},
 {<<"erlsom">>, <<"C5A5CDD0EE0E8DCA62BCC4B13FF08DA24FDEFC16CCD8B25282A2FDA2BA1BE24A">>},
 {<<"erlware_commons">>, <<"918C56D8FB3BE52AF0DF138ED6E0755E764AD4467CD7D025761F7D0A17D3DEC1">>},
 {<<"erlydtl">>, <<"91481928557544C843E2B33F8AA17693F16B65EEBC9EF08C71EBE90CBD1A84F1">>},
 {<<"fs">>, <<"9D147B944D60CFA48A349F12D06C8EE71128F610C90870BDF9A6773206452ED0">>},
 {<<"jsx">>, <<"20A170ABD4335FC6DB24D5FAD1E5D677C55DADF83D1B20A8A33B5FE159892A39">>},
 {<<"pgpool">>, <<"B1DE32679CF0E55F335546CD794FADB8289AE51488A83B7FD416D2A10F6E86C8">>},
 {<<"poolboy">>, <<"392B007A1693A64540CEAD79830443ABF5762F5D30CF50BC95CB2C1AAAFA006B">>},
 {<<"qdate">>, <<"EBFFBE723E5290714ADCB74AFA1FBDB89DF152586B491F56306B29526D93975B">>},
 {<<"qdate_localtime">>, <<"644ADE4C7F7EAC765E2048DFA714D78EA86BAF5255FE46279B2EAC5729760A07">>},
 {<<"ranch">>, <<"6B1FAB51B49196860B733A49C07604465A47BDB78AA10C1C16A3D199F7F8C881">>},
 {<<"yamerl">>, <<"8214CFE16BBABE5D1D6C14A14AEA11C784B9A21903DD6A7C74F8CE180ADAE5C7">>}]},
{pkg_hash_ext,[
 {<<"cf">>, <<"315E8D447D3A4B02BCDBFA397AD03BBB988A6E0AA6F44D3ADD0F4E3C3BF97672">>},
 {<<"cowboy">>, <<"04FD8C6A39EDC6AAA9C26123009200FC61F92A3A94F3178C527B70B767C6E605">>},
 {<<"cowlib">>, <<"79F954A7021B302186A950A32869DBC185523D99D3E44CE430CD1F3289F41ED4">>},
 {<<"epgsql">>, <<"0A02D338CC1426C5873B412FED9D694F7B5143933C5F85F244655A5E77B23078">>},
 {<<"erlsom">>, <<"55A9DBF9CFA77FCFC108BD8E2C4F9F784DEA228A8F4B06EA10B684944946955A">>},
 {<<"erlware_commons">>, <<"3E7C6FB2BA4C29B0DD5DFE9D031B66449E2088ECEC1A81465BD9FDE05ED7D0DB">>},
 {<<"erlydtl">>, <<"A366C4CD32E8B54D7D0825AA51EF6A12C35D6D558BEFFC276275AD335B1FDBED">>},
 {<<"fs">>, <<"EF94E95FFE79916860649FED80AC62B04C322B0BB70F5128144C026B4D171F8B">>},
 {<<"jsx">>, <<"37BECA0435F5CA8A2F45F76A46211E76418FBEF80C36F0361C249FC75059DC6D">>},
 {<<"pgpool">>, <<"CEF1A94D01EE5F5EDE463EAE3A66DFAE3255B0D9D398CFB081B5406B1A594535">>},
 {<<"poolboy">>, <<"DAD79704CE5440F3D5A3681C8590B9DC25D1A561E8F5A9C995281012860901E3">>},
 {<<"qdate">>, <<"4D053F50D29D508FAF74AB1CEEC035476987DB411694CDC87C23E2F7A5BE08DB">>},
 {<<"qdate_localtime">>, <<"98A538A5B6046B8652DFC5630B030D0414A1B31D0130C81FA6B88B5C1E625109">>},
 {<<"ranch">>, <<"451D8527787DF716D99DC36162FCA05934915DB0B6141BBDAC2EA8D3C7AFC7D7">>},
 {<<"yamerl">>, <<"010634477BF9C208A0767DCCA89116C2442CF0B5E87F9C870F85CD1C3E0C2AAB">>}]}
].
